// !$*UTF8*$!
{
	archiveVersion = 1;
	classes = {
	};
	objectVersion = 48;
	objects = {

/* Begin PBXBuildFile section */
		07CAC9C3A6565DAF0AA1CFFB /* libPods-DashCamera.a in Frameworks */ = {isa = PBXBuildFile; fileRef = F8041DDC497E6A9BD63F2566 /* libPods-DashCamera.a */; };
		C3031538200B5A7E0049EBE8 /* MenuViewController.m in Sources */ = {isa = PBXBuildFile; fileRef = C3031537200B5A7E0049EBE8 /* MenuViewController.m */; };
		C31874F2201FA5D700B321F2 /* logo.png in Resources */ = {isa = PBXBuildFile; fileRef = C31874F0201FA5D600B321F2 /* logo.png */; };
		C31874F3201FA5D700B321F2 /* res_btn_start.png in Resources */ = {isa = PBXBuildFile; fileRef = C31874F1201FA5D600B321F2 /* res_btn_start.png */; };
		C32D75EF2006062000DC2F7C /* AppSetting.m in Sources */ = {isa = PBXBuildFile; fileRef = C32D75EE2006062000DC2F7C /* AppSetting.m */; };
		C32D75F42006E41700DC2F7C /* SettingValueCell.m in Sources */ = {isa = PBXBuildFile; fileRef = C32D75F22006E41700DC2F7C /* SettingValueCell.m */; };
		C32D75F52006E41700DC2F7C /* SettingValueCell.xib in Resources */ = {isa = PBXBuildFile; fileRef = C32D75F32006E41700DC2F7C /* SettingValueCell.xib */; };
		C33B96011FED7EF600D6FDA5 /* AppDelegate.m in Sources */ = {isa = PBXBuildFile; fileRef = C33B96001FED7EF600D6FDA5 /* AppDelegate.m */; };
		C33B96071FED7EF600D6FDA5 /* Main.storyboard in Resources */ = {isa = PBXBuildFile; fileRef = C33B96051FED7EF600D6FDA5 /* Main.storyboard */; };
		C33B960A1FED7EF600D6FDA5 /* DashCamera.xcdatamodeld in Sources */ = {isa = PBXBuildFile; fileRef = C33B96081FED7EF600D6FDA5 /* DashCamera.xcdatamodeld */; };
		C33B960C1FED7EF600D6FDA5 /* Assets.xcassets in Resources */ = {isa = PBXBuildFile; fileRef = C33B960B1FED7EF600D6FDA5 /* Assets.xcassets */; };
		C33B960F1FED7EF600D6FDA5 /* LaunchScreen.storyboard in Resources */ = {isa = PBXBuildFile; fileRef = C33B960D1FED7EF600D6FDA5 /* LaunchScreen.storyboard */; };
		C33B96121FED7EF600D6FDA5 /* main.m in Sources */ = {isa = PBXBuildFile; fileRef = C33B96111FED7EF600D6FDA5 /* main.m */; };
		C33B961A1FED908200D6FDA5 /* AVFoundation.framework in Frameworks */ = {isa = PBXBuildFile; fileRef = C33B96191FED908200D6FDA5 /* AVFoundation.framework */; };
		C34168CC200E882E0037275B /* libsqlite3.tbd in Frameworks */ = {isa = PBXBuildFile; fileRef = C34168CB200E882E0037275B /* libsqlite3.tbd */; };
		C34168CF200E88790037275B /* DBManager.m in Sources */ = {isa = PBXBuildFile; fileRef = C34168CE200E88790037275B /* DBManager.m */; };
		C34168D3200F47200037275B /* VideoTableRecord.m in Sources */ = {isa = PBXBuildFile; fileRef = C34168D2200F47200037275B /* VideoTableRecord.m */; };
		C3FB53CF1FFED02F007955F4 /* res_btn_mic_off.png in Resources */ = {isa = PBXBuildFile; fileRef = C3FB53C71FFED02E007955F4 /* res_btn_mic_off.png */; };
		C3FB53D01FFED02F007955F4 /* res_btn_camera_rotate.png in Resources */ = {isa = PBXBuildFile; fileRef = C3FB53C81FFED02E007955F4 /* res_btn_camera_rotate.png */; };
		C3FB53D11FFED02F007955F4 /* res_background.png in Resources */ = {isa = PBXBuildFile; fileRef = C3FB53C91FFED02E007955F4 /* res_background.png */; };
		C3FB53D21FFED02F007955F4 /* res_btn_record.png in Resources */ = {isa = PBXBuildFile; fileRef = C3FB53CA1FFED02F007955F4 /* res_btn_record.png */; };
		C3FB53D31FFED02F007955F4 /* res_btn_recording.png in Resources */ = {isa = PBXBuildFile; fileRef = C3FB53CB1FFED02F007955F4 /* res_btn_recording.png */; };
		C3FB53D41FFED02F007955F4 /* res_btn_save.png in Resources */ = {isa = PBXBuildFile; fileRef = C3FB53CC1FFED02F007955F4 /* res_btn_save.png */; };
		C3FB53D51FFED02F007955F4 /* res_btn_menu.png in Resources */ = {isa = PBXBuildFile; fileRef = C3FB53CD1FFED02F007955F4 /* res_btn_menu.png */; };
		C3FB53D61FFED02F007955F4 /* res_btn_mic_on.png in Resources */ = {isa = PBXBuildFile; fileRef = C3FB53CE1FFED02F007955F4 /* res_btn_mic_on.png */; };
		C3FB53DA1FFEFEB8007955F4 /* ViewController.m in Sources */ = {isa = PBXBuildFile; fileRef = C3FB53D81FFEFEB7007955F4 /* ViewController.m */; };
		C3FB53E11FFF00EF007955F4 /* BootupViewController.m in Sources */ = {isa = PBXBuildFile; fileRef = C3FB53E01FFF00EF007955F4 /* BootupViewController.m */; };
		C3FB53E41FFF0161007955F4 /* CameraAndPhoto.m in Sources */ = {isa = PBXBuildFile; fileRef = C3FB53E31FFF0161007955F4 /* CameraAndPhoto.m */; };
		C3FB53E720000E16007955F4 /* AdSupport.framework in Frameworks */ = {isa = PBXBuildFile; fileRef = C3FB53E620000E15007955F4 /* AdSupport.framework */; };
		C3FB53E920001334007955F4 /* AudioToolbox.framework in Frameworks */ = {isa = PBXBuildFile; fileRef = C3FB53E820001334007955F4 /* AudioToolbox.framework */; };
		C3FB53EB20001342007955F4 /* CoreGraphics.framework in Frameworks */ = {isa = PBXBuildFile; fileRef = C3FB53EA20001341007955F4 /* CoreGraphics.framework */; };
		C3FB53ED2000134A007955F4 /* CoreMedia.framework in Frameworks */ = {isa = PBXBuildFile; fileRef = C3FB53EC2000134A007955F4 /* CoreMedia.framework */; };
		C3FB53EF20001352007955F4 /* CoreTelephony.framework in Frameworks */ = {isa = PBXBuildFile; fileRef = C3FB53EE20001352007955F4 /* CoreTelephony.framework */; };
		C3FB53F22000135E007955F4 /* EventKit.framework in Frameworks */ = {isa = PBXBuildFile; fileRef = C3FB53F02000135E007955F4 /* EventKit.framework */; };
		C3FB53F32000135E007955F4 /* EventKitUI.framework in Frameworks */ = {isa = PBXBuildFile; fileRef = C3FB53F12000135E007955F4 /* EventKitUI.framework */; };
		C3FB53F520001367007955F4 /* MediaPlayer.framework in Frameworks */ = {isa = PBXBuildFile; fileRef = C3FB53F420001367007955F4 /* MediaPlayer.framework */; };
		C3FB53F72000136F007955F4 /* MessageUI.framework in Frameworks */ = {isa = PBXBuildFile; fileRef = C3FB53F62000136F007955F4 /* MessageUI.framework */; };
		C3FB53F920001379007955F4 /* StoreKit.framework in Frameworks */ = {isa = PBXBuildFile; fileRef = C3FB53F820001379007955F4 /* StoreKit.framework */; };
		C3FB53FB20001382007955F4 /* SystemConfiguration.framework in Frameworks */ = {isa = PBXBuildFile; fileRef = C3FB53FA20001381007955F4 /* SystemConfiguration.framework */; };
		C3FB540520004D34007955F4 /* UIImage+FixOrientation.m in Sources */ = {isa = PBXBuildFile; fileRef = C3FB540120004D33007955F4 /* UIImage+FixOrientation.m */; };
		C3FB540620004D34007955F4 /* LLSimpleCamera+Helper.m in Sources */ = {isa = PBXBuildFile; fileRef = C3FB540220004D33007955F4 /* LLSimpleCamera+Helper.m */; };
		C3FB540720004D34007955F4 /* LLSimpleCamera.m in Sources */ = {isa = PBXBuildFile; fileRef = C3FB540320004D33007955F4 /* LLSimpleCamera.m */; };
		C3FB540B2000C325007955F4 /* SettingsViewController.m in Sources */ = {isa = PBXBuildFile; fileRef = C3FB540A2000C325007955F4 /* SettingsViewController.m */; };
		C3FB54142002C514007955F4 /* VideoListViewController.m in Sources */ = {isa = PBXBuildFile; fileRef = C3FB54132002C514007955F4 /* VideoListViewController.m */; };
		C3FB54192002CFC5007955F4 /* SettingTableViewCell.m in Sources */ = {isa = PBXBuildFile; fileRef = C3FB54182002CFC5007955F4 /* SettingTableViewCell.m */; };
		C3FB541C2002E3FE007955F4 /* VideoViewController.m in Sources */ = {isa = PBXBuildFile; fileRef = C3FB541B2002E3FE007955F4 /* VideoViewController.m */; };
		C3FB541F2002F358007955F4 /* VideoCell.m in Sources */ = {isa = PBXBuildFile; fileRef = C3FB541E2002F358007955F4 /* VideoCell.m */; };
		C3FB54232002F55A007955F4 /* VideoModel.m in Sources */ = {isa = PBXBuildFile; fileRef = C3FB54222002F55A007955F4 /* VideoModel.m */; };
		C3FB542620031960007955F4 /* Tools.m in Sources */ = {isa = PBXBuildFile; fileRef = C3FB542520031960007955F4 /* Tools.m */; };
		C3FB542820042099007955F4 /* CoreLocation.framework in Frameworks */ = {isa = PBXBuildFile; fileRef = C3FB542720042099007955F4 /* CoreLocation.framework */; };
/* End PBXBuildFile section */

/* Begin PBXFileReference section */
		48E8BBF94F5ED80C2EAEA508 /* Pods-DashCamera.debug.xcconfig */ = {isa = PBXFileReference; includeInIndex = 1; lastKnownFileType = text.xcconfig; name = "Pods-DashCamera.debug.xcconfig"; path = "Pods/Target Support Files/Pods-DashCamera/Pods-DashCamera.debug.xcconfig"; sourceTree = "<group>"; };
		C3031536200B5A7E0049EBE8 /* MenuViewController.h */ = {isa = PBXFileReference; lastKnownFileType = sourcecode.c.h; name = MenuViewController.h; path = Class/VC/MenuViewController.h; sourceTree = "<group>"; };
		C3031537200B5A7E0049EBE8 /* MenuViewController.m */ = {isa = PBXFileReference; lastKnownFileType = sourcecode.c.objc; name = MenuViewController.m; path = Class/VC/MenuViewController.m; sourceTree = "<group>"; };
		C31874F0201FA5D600B321F2 /* logo.png */ = {isa = PBXFileReference; lastKnownFileType = image.png; name = logo.png; path = DashCamera/Resources/logo.png; sourceTree = "<group>"; };
		C31874F1201FA5D600B321F2 /* res_btn_start.png */ = {isa = PBXFileReference; lastKnownFileType = image.png; name = res_btn_start.png; path = DashCamera/Resources/res_btn_start.png; sourceTree = "<group>"; };
		C32D75ED2006062000DC2F7C /* AppSetting.h */ = {isa = PBXFileReference; lastKnownFileType = sourcecode.c.h; name = AppSetting.h; path = Class/Utils/AppSetting.h; sourceTree = "<group>"; };
		C32D75EE2006062000DC2F7C /* AppSetting.m */ = {isa = PBXFileReference; lastKnownFileType = sourcecode.c.objc; name = AppSetting.m; path = Class/Utils/AppSetting.m; sourceTree = "<group>"; };
		C32D75F12006E41700DC2F7C /* SettingValueCell.h */ = {isa = PBXFileReference; lastKnownFileType = sourcecode.c.h; name = SettingValueCell.h; path = DashCamera/Class/View/SettingValueCell.h; sourceTree = SOURCE_ROOT; };
		C32D75F22006E41700DC2F7C /* SettingValueCell.m */ = {isa = PBXFileReference; lastKnownFileType = sourcecode.c.objc; name = SettingValueCell.m; path = DashCamera/Class/View/SettingValueCell.m; sourceTree = SOURCE_ROOT; };
		C32D75F32006E41700DC2F7C /* SettingValueCell.xib */ = {isa = PBXFileReference; lastKnownFileType = file.xib; name = SettingValueCell.xib; path = DashCamera/Class/View/SettingValueCell.xib; sourceTree = SOURCE_ROOT; };
		C33B95FC1FED7EF600D6FDA5 /* DashCamera.app */ = {isa = PBXFileReference; explicitFileType = wrapper.application; includeInIndex = 0; path = DashCamera.app; sourceTree = BUILT_PRODUCTS_DIR; };
		C33B95FF1FED7EF600D6FDA5 /* AppDelegate.h */ = {isa = PBXFileReference; lastKnownFileType = sourcecode.c.h; path = AppDelegate.h; sourceTree = "<group>"; };
		C33B96001FED7EF600D6FDA5 /* AppDelegate.m */ = {isa = PBXFileReference; lastKnownFileType = sourcecode.c.objc; path = AppDelegate.m; sourceTree = "<group>"; };
		C33B96061FED7EF600D6FDA5 /* Base */ = {isa = PBXFileReference; lastKnownFileType = file.storyboard; name = Base; path = Base.lproj/Main.storyboard; sourceTree = "<group>"; };
		C33B96091FED7EF600D6FDA5 /* DashCamera.xcdatamodel */ = {isa = PBXFileReference; lastKnownFileType = wrapper.xcdatamodel; path = DashCamera.xcdatamodel; sourceTree = "<group>"; };
		C33B960B1FED7EF600D6FDA5 /* Assets.xcassets */ = {isa = PBXFileReference; lastKnownFileType = folder.assetcatalog; path = Assets.xcassets; sourceTree = "<group>"; };
		C33B960E1FED7EF600D6FDA5 /* Base */ = {isa = PBXFileReference; lastKnownFileType = file.storyboard; name = Base; path = Base.lproj/LaunchScreen.storyboard; sourceTree = "<group>"; };
		C33B96101FED7EF600D6FDA5 /* Info.plist */ = {isa = PBXFileReference; lastKnownFileType = text.plist.xml; path = Info.plist; sourceTree = "<group>"; };
		C33B96111FED7EF600D6FDA5 /* main.m */ = {isa = PBXFileReference; lastKnownFileType = sourcecode.c.objc; path = main.m; sourceTree = "<group>"; };
		C33B96191FED908200D6FDA5 /* AVFoundation.framework */ = {isa = PBXFileReference; lastKnownFileType = wrapper.framework; name = AVFoundation.framework; path = System/Library/Frameworks/AVFoundation.framework; sourceTree = SDKROOT; };
		C34168CB200E882E0037275B /* libsqlite3.tbd */ = {isa = PBXFileReference; lastKnownFileType = "sourcecode.text-based-dylib-definition"; name = libsqlite3.tbd; path = usr/lib/libsqlite3.tbd; sourceTree = SDKROOT; };
		C34168CD200E88790037275B /* DBManager.h */ = {isa = PBXFileReference; lastKnownFileType = sourcecode.c.h; name = DBManager.h; path = Class/Database/DBManager.h; sourceTree = "<group>"; };
		C34168CE200E88790037275B /* DBManager.m */ = {isa = PBXFileReference; lastKnownFileType = sourcecode.c.objc; name = DBManager.m; path = Class/Database/DBManager.m; sourceTree = "<group>"; };
		C34168D1200F47200037275B /* VideoTableRecord.h */ = {isa = PBXFileReference; lastKnownFileType = sourcecode.c.h; name = VideoTableRecord.h; path = Class/Database/VideoTableRecord.h; sourceTree = "<group>"; };
		C34168D2200F47200037275B /* VideoTableRecord.m */ = {isa = PBXFileReference; lastKnownFileType = sourcecode.c.objc; name = VideoTableRecord.m; path = Class/Database/VideoTableRecord.m; sourceTree = "<group>"; };
		C3FB53C71FFED02E007955F4 /* res_btn_mic_off.png */ = {isa = PBXFileReference; lastKnownFileType = image.png; name = res_btn_mic_off.png; path = Resources/res_btn_mic_off.png; sourceTree = "<group>"; };
		C3FB53C81FFED02E007955F4 /* res_btn_camera_rotate.png */ = {isa = PBXFileReference; lastKnownFileType = image.png; name = res_btn_camera_rotate.png; path = Resources/res_btn_camera_rotate.png; sourceTree = "<group>"; };
		C3FB53C91FFED02E007955F4 /* res_background.png */ = {isa = PBXFileReference; lastKnownFileType = image.png; name = res_background.png; path = Resources/res_background.png; sourceTree = "<group>"; };
		C3FB53CA1FFED02F007955F4 /* res_btn_record.png */ = {isa = PBXFileReference; lastKnownFileType = image.png; name = res_btn_record.png; path = Resources/res_btn_record.png; sourceTree = "<group>"; };
		C3FB53CB1FFED02F007955F4 /* res_btn_recording.png */ = {isa = PBXFileReference; lastKnownFileType = image.png; name = res_btn_recording.png; path = Resources/res_btn_recording.png; sourceTree = "<group>"; };
		C3FB53CC1FFED02F007955F4 /* res_btn_save.png */ = {isa = PBXFileReference; lastKnownFileType = image.png; name = res_btn_save.png; path = Resources/res_btn_save.png; sourceTree = "<group>"; };
		C3FB53CD1FFED02F007955F4 /* res_btn_menu.png */ = {isa = PBXFileReference; lastKnownFileType = image.png; name = res_btn_menu.png; path = Resources/res_btn_menu.png; sourceTree = "<group>"; };
		C3FB53CE1FFED02F007955F4 /* res_btn_mic_on.png */ = {isa = PBXFileReference; lastKnownFileType = image.png; name = res_btn_mic_on.png; path = Resources/res_btn_mic_on.png; sourceTree = "<group>"; };
		C3FB53D81FFEFEB7007955F4 /* ViewController.m */ = {isa = PBXFileReference; fileEncoding = 4; lastKnownFileType = sourcecode.c.objc; name = ViewController.m; path = DashCamera/ViewController.m; sourceTree = SOURCE_ROOT; };
		C3FB53D91FFEFEB7007955F4 /* ViewController.h */ = {isa = PBXFileReference; fileEncoding = 4; lastKnownFileType = sourcecode.c.h; name = ViewController.h; path = DashCamera/ViewController.h; sourceTree = SOURCE_ROOT; };
		C3FB53DF1FFF00EF007955F4 /* BootupViewController.h */ = {isa = PBXFileReference; lastKnownFileType = sourcecode.c.h; name = BootupViewController.h; path = Class/VC/BootupViewController.h; sourceTree = "<group>"; };
		C3FB53E01FFF00EF007955F4 /* BootupViewController.m */ = {isa = PBXFileReference; lastKnownFileType = sourcecode.c.objc; name = BootupViewController.m; path = Class/VC/BootupViewController.m; sourceTree = "<group>"; };
		C3FB53E21FFF0161007955F4 /* CameraAndPhoto.h */ = {isa = PBXFileReference; fileEncoding = 4; lastKnownFileType = sourcecode.c.h; name = CameraAndPhoto.h; path = Class/Utils/CameraAndPhoto.h; sourceTree = "<group>"; };
		C3FB53E31FFF0161007955F4 /* CameraAndPhoto.m */ = {isa = PBXFileReference; fileEncoding = 4; lastKnownFileType = sourcecode.c.objc; name = CameraAndPhoto.m; path = Class/Utils/CameraAndPhoto.m; sourceTree = "<group>"; };
		C3FB53E620000E15007955F4 /* AdSupport.framework */ = {isa = PBXFileReference; lastKnownFileType = wrapper.framework; name = AdSupport.framework; path = System/Library/Frameworks/AdSupport.framework; sourceTree = SDKROOT; };
		C3FB53E820001334007955F4 /* AudioToolbox.framework */ = {isa = PBXFileReference; lastKnownFileType = wrapper.framework; name = AudioToolbox.framework; path = System/Library/Frameworks/AudioToolbox.framework; sourceTree = SDKROOT; };
		C3FB53EA20001341007955F4 /* CoreGraphics.framework */ = {isa = PBXFileReference; lastKnownFileType = wrapper.framework; name = CoreGraphics.framework; path = System/Library/Frameworks/CoreGraphics.framework; sourceTree = SDKROOT; };
		C3FB53EC2000134A007955F4 /* CoreMedia.framework */ = {isa = PBXFileReference; lastKnownFileType = wrapper.framework; name = CoreMedia.framework; path = System/Library/Frameworks/CoreMedia.framework; sourceTree = SDKROOT; };
		C3FB53EE20001352007955F4 /* CoreTelephony.framework */ = {isa = PBXFileReference; lastKnownFileType = wrapper.framework; name = CoreTelephony.framework; path = System/Library/Frameworks/CoreTelephony.framework; sourceTree = SDKROOT; };
		C3FB53F02000135E007955F4 /* EventKit.framework */ = {isa = PBXFileReference; lastKnownFileType = wrapper.framework; name = EventKit.framework; path = System/Library/Frameworks/EventKit.framework; sourceTree = SDKROOT; };
		C3FB53F12000135E007955F4 /* EventKitUI.framework */ = {isa = PBXFileReference; lastKnownFileType = wrapper.framework; name = EventKitUI.framework; path = System/Library/Frameworks/EventKitUI.framework; sourceTree = SDKROOT; };
		C3FB53F420001367007955F4 /* MediaPlayer.framework */ = {isa = PBXFileReference; lastKnownFileType = wrapper.framework; name = MediaPlayer.framework; path = System/Library/Frameworks/MediaPlayer.framework; sourceTree = SDKROOT; };
		C3FB53F62000136F007955F4 /* MessageUI.framework */ = {isa = PBXFileReference; lastKnownFileType = wrapper.framework; name = MessageUI.framework; path = System/Library/Frameworks/MessageUI.framework; sourceTree = SDKROOT; };
		C3FB53F820001379007955F4 /* StoreKit.framework */ = {isa = PBXFileReference; lastKnownFileType = wrapper.framework; name = StoreKit.framework; path = System/Library/Frameworks/StoreKit.framework; sourceTree = SDKROOT; };
		C3FB53FA20001381007955F4 /* SystemConfiguration.framework */ = {isa = PBXFileReference; lastKnownFileType = wrapper.framework; name = SystemConfiguration.framework; path = System/Library/Frameworks/SystemConfiguration.framework; sourceTree = SDKROOT; };
		C3FB53FF20004D33007955F4 /* LLSimpleCamera.h */ = {isa = PBXFileReference; fileEncoding = 4; lastKnownFileType = sourcecode.c.h; name = LLSimpleCamera.h; path = Class/Utils/LLSimpleCamera.h; sourceTree = "<group>"; };
		C3FB540020004D33007955F4 /* LLSimpleCamera+Helper.h */ = {isa = PBXFileReference; fileEncoding = 4; lastKnownFileType = sourcecode.c.h; name = "LLSimpleCamera+Helper.h"; path = "Class/Utils/LLSimpleCamera+Helper.h"; sourceTree = "<group>"; };
		C3FB540120004D33007955F4 /* UIImage+FixOrientation.m */ = {isa = PBXFileReference; fileEncoding = 4; lastKnownFileType = sourcecode.c.objc; name = "UIImage+FixOrientation.m"; path = "Class/Utils/UIImage+FixOrientation.m"; sourceTree = "<group>"; };
		C3FB540220004D33007955F4 /* LLSimpleCamera+Helper.m */ = {isa = PBXFileReference; fileEncoding = 4; lastKnownFileType = sourcecode.c.objc; name = "LLSimpleCamera+Helper.m"; path = "Class/Utils/LLSimpleCamera+Helper.m"; sourceTree = "<group>"; };
		C3FB540320004D33007955F4 /* LLSimpleCamera.m */ = {isa = PBXFileReference; fileEncoding = 4; lastKnownFileType = sourcecode.c.objc; name = LLSimpleCamera.m; path = Class/Utils/LLSimpleCamera.m; sourceTree = "<group>"; };
		C3FB540420004D34007955F4 /* UIImage+FixOrientation.h */ = {isa = PBXFileReference; fileEncoding = 4; lastKnownFileType = sourcecode.c.h; name = "UIImage+FixOrientation.h"; path = "Class/Utils/UIImage+FixOrientation.h"; sourceTree = "<group>"; };
		C3FB54092000C325007955F4 /* SettingsViewController.h */ = {isa = PBXFileReference; lastKnownFileType = sourcecode.c.h; name = SettingsViewController.h; path = Class/VC/SettingsViewController.h; sourceTree = "<group>"; };
		C3FB540A2000C325007955F4 /* SettingsViewController.m */ = {isa = PBXFileReference; lastKnownFileType = sourcecode.c.objc; name = SettingsViewController.m; path = Class/VC/SettingsViewController.m; sourceTree = "<group>"; };
		C3FB54122002C514007955F4 /* VideoListViewController.h */ = {isa = PBXFileReference; lastKnownFileType = sourcecode.c.h; name = VideoListViewController.h; path = Class/VC/VideoListViewController.h; sourceTree = "<group>"; };
		C3FB54132002C514007955F4 /* VideoListViewController.m */ = {isa = PBXFileReference; lastKnownFileType = sourcecode.c.objc; name = VideoListViewController.m; path = Class/VC/VideoListViewController.m; sourceTree = "<group>"; };
		C3FB54172002CFC5007955F4 /* SettingTableViewCell.h */ = {isa = PBXFileReference; lastKnownFileType = sourcecode.c.h; name = SettingTableViewCell.h; path = DashCamera/Class/View/SettingTableViewCell.h; sourceTree = SOURCE_ROOT; };
		C3FB54182002CFC5007955F4 /* SettingTableViewCell.m */ = {isa = PBXFileReference; lastKnownFileType = sourcecode.c.objc; name = SettingTableViewCell.m; path = DashCamera/Class/View/SettingTableViewCell.m; sourceTree = SOURCE_ROOT; };
		C3FB541A2002E3FE007955F4 /* VideoViewController.h */ = {isa = PBXFileReference; lastKnownFileType = sourcecode.c.h; name = VideoViewController.h; path = Class/VC/VideoViewController.h; sourceTree = "<group>"; };
		C3FB541B2002E3FE007955F4 /* VideoViewController.m */ = {isa = PBXFileReference; lastKnownFileType = sourcecode.c.objc; name = VideoViewController.m; path = Class/VC/VideoViewController.m; sourceTree = "<group>"; };
		C3FB541D2002F358007955F4 /* VideoCell.h */ = {isa = PBXFileReference; lastKnownFileType = sourcecode.c.h; name = VideoCell.h; path = DashCamera/Class/View/VideoCell.h; sourceTree = SOURCE_ROOT; };
		C3FB541E2002F358007955F4 /* VideoCell.m */ = {isa = PBXFileReference; lastKnownFileType = sourcecode.c.objc; name = VideoCell.m; path = DashCamera/Class/View/VideoCell.m; sourceTree = SOURCE_ROOT; };
		C3FB54212002F55A007955F4 /* VideoModel.h */ = {isa = PBXFileReference; lastKnownFileType = sourcecode.c.h; path = VideoModel.h; sourceTree = "<group>"; };
		C3FB54222002F55A007955F4 /* VideoModel.m */ = {isa = PBXFileReference; lastKnownFileType = sourcecode.c.objc; path = VideoModel.m; sourceTree = "<group>"; };
		C3FB542420031960007955F4 /* Tools.h */ = {isa = PBXFileReference; lastKnownFileType = sourcecode.c.h; name = Tools.h; path = Class/Utils/Tools.h; sourceTree = "<group>"; };
		C3FB542520031960007955F4 /* Tools.m */ = {isa = PBXFileReference; lastKnownFileType = sourcecode.c.objc; name = Tools.m; path = Class/Utils/Tools.m; sourceTree = "<group>"; };
		C3FB542720042099007955F4 /* CoreLocation.framework */ = {isa = PBXFileReference; lastKnownFileType = wrapper.framework; name = CoreLocation.framework; path = System/Library/Frameworks/CoreLocation.framework; sourceTree = SDKROOT; };
		CAE1314F4F38F63B0082DB3E /* Pods-DashCamera.release.xcconfig */ = {isa = PBXFileReference; includeInIndex = 1; lastKnownFileType = text.xcconfig; name = "Pods-DashCamera.release.xcconfig"; path = "Pods/Target Support Files/Pods-DashCamera/Pods-DashCamera.release.xcconfig"; sourceTree = "<group>"; };
		F8041DDC497E6A9BD63F2566 /* libPods-DashCamera.a */ = {isa = PBXFileReference; explicitFileType = archive.ar; includeInIndex = 0; path = "libPods-DashCamera.a"; sourceTree = BUILT_PRODUCTS_DIR; };
/* End PBXFileReference section */

/* Begin PBXFrameworksBuildPhase section */
		C33B95F91FED7EF600D6FDA5 /* Frameworks */ = {
			isa = PBXFrameworksBuildPhase;
			buildActionMask = 2147483647;
			files = (
				C34168CC200E882E0037275B /* libsqlite3.tbd in Frameworks */,
				C3FB53E720000E16007955F4 /* AdSupport.framework in Frameworks */,
				C3FB53E920001334007955F4 /* AudioToolbox.framework in Frameworks */,
				C33B961A1FED908200D6FDA5 /* AVFoundation.framework in Frameworks */,
				C3FB53EB20001342007955F4 /* CoreGraphics.framework in Frameworks */,
				C3FB542820042099007955F4 /* CoreLocation.framework in Frameworks */,
				C3FB53ED2000134A007955F4 /* CoreMedia.framework in Frameworks */,
				C3FB53EF20001352007955F4 /* CoreTelephony.framework in Frameworks */,
				C3FB53F22000135E007955F4 /* EventKit.framework in Frameworks */,
				C3FB53F32000135E007955F4 /* EventKitUI.framework in Frameworks */,
				C3FB53F520001367007955F4 /* MediaPlayer.framework in Frameworks */,
				C3FB53F72000136F007955F4 /* MessageUI.framework in Frameworks */,
				C3FB53F920001379007955F4 /* StoreKit.framework in Frameworks */,
				C3FB53FB20001382007955F4 /* SystemConfiguration.framework in Frameworks */,
				07CAC9C3A6565DAF0AA1CFFB /* libPods-DashCamera.a in Frameworks */,
			);
			runOnlyForDeploymentPostprocessing = 0;
		};
/* End PBXFrameworksBuildPhase section */

/* Begin PBXGroup section */
		C33B95F31FED7EF600D6FDA5 = {
			isa = PBXGroup;
			children = (
				C31874F0201FA5D600B321F2 /* logo.png */,
				C31874F1201FA5D600B321F2 /* res_btn_start.png */,
				C33B95FE1FED7EF600D6FDA5 /* DashCamera */,
				C33B95FD1FED7EF600D6FDA5 /* Products */,
				C33B96181FED908200D6FDA5 /* Frameworks */,
				C9FF24D8CB383B8F2FF66113 /* Pods */,
			);
			sourceTree = "<group>";
		};
		C33B95FD1FED7EF600D6FDA5 /* Products */ = {
			isa = PBXGroup;
			children = (
				C33B95FC1FED7EF600D6FDA5 /* DashCamera.app */,
			);
			name = Products;
			sourceTree = "<group>";
		};
		C33B95FE1FED7EF600D6FDA5 /* DashCamera */ = {
			isa = PBXGroup;
			children = (
				C3FB53DC1FFEFED1007955F4 /* Class */,
				C3FB53D71FFED041007955F4 /* Resources */,
				C33B95FF1FED7EF600D6FDA5 /* AppDelegate.h */,
				C33B96001FED7EF600D6FDA5 /* AppDelegate.m */,
				C33B96051FED7EF600D6FDA5 /* Main.storyboard */,
				C33B960B1FED7EF600D6FDA5 /* Assets.xcassets */,
				C33B960D1FED7EF600D6FDA5 /* LaunchScreen.storyboard */,
				C33B96101FED7EF600D6FDA5 /* Info.plist */,
				C33B96111FED7EF600D6FDA5 /* main.m */,
				C33B96081FED7EF600D6FDA5 /* DashCamera.xcdatamodeld */,
			);
			path = DashCamera;
			sourceTree = "<group>";
		};
		C33B96181FED908200D6FDA5 /* Frameworks */ = {
			isa = PBXGroup;
			children = (
				C34168CB200E882E0037275B /* libsqlite3.tbd */,
				C3FB542720042099007955F4 /* CoreLocation.framework */,
				C3FB53FA20001381007955F4 /* SystemConfiguration.framework */,
				C3FB53F820001379007955F4 /* StoreKit.framework */,
				C3FB53F62000136F007955F4 /* MessageUI.framework */,
				C3FB53F420001367007955F4 /* MediaPlayer.framework */,
				C3FB53F02000135E007955F4 /* EventKit.framework */,
				C3FB53F12000135E007955F4 /* EventKitUI.framework */,
				C3FB53EE20001352007955F4 /* CoreTelephony.framework */,
				C3FB53EC2000134A007955F4 /* CoreMedia.framework */,
				C3FB53EA20001341007955F4 /* CoreGraphics.framework */,
				C3FB53E820001334007955F4 /* AudioToolbox.framework */,
				C3FB53E620000E15007955F4 /* AdSupport.framework */,
				C33B96191FED908200D6FDA5 /* AVFoundation.framework */,
				F8041DDC497E6A9BD63F2566 /* libPods-DashCamera.a */,
			);
			name = Frameworks;
			sourceTree = "<group>";
		};
		C34168D0200E88820037275B /* Database */ = {
			isa = PBXGroup;
			children = (
				C34168CD200E88790037275B /* DBManager.h */,
				C34168CE200E88790037275B /* DBManager.m */,
				C34168D1200F47200037275B /* VideoTableRecord.h */,
				C34168D2200F47200037275B /* VideoTableRecord.m */,
			);
			name = Database;
			sourceTree = "<group>";
		};
		C3FB53D71FFED041007955F4 /* Resources */ = {
			isa = PBXGroup;
			children = (
				C3FB53C91FFED02E007955F4 /* res_background.png */,
				C3FB53C81FFED02E007955F4 /* res_btn_camera_rotate.png */,
				C3FB53CD1FFED02F007955F4 /* res_btn_menu.png */,
				C3FB53C71FFED02E007955F4 /* res_btn_mic_off.png */,
				C3FB53CE1FFED02F007955F4 /* res_btn_mic_on.png */,
				C3FB53CA1FFED02F007955F4 /* res_btn_record.png */,
				C3FB53CB1FFED02F007955F4 /* res_btn_recording.png */,
				C3FB53CC1FFED02F007955F4 /* res_btn_save.png */,
			);
			name = Resources;
			sourceTree = "<group>";
		};
		C3FB53DC1FFEFED1007955F4 /* Class */ = {
			isa = PBXGroup;
			children = (
				C34168D0200E88820037275B /* Database */,
				C3FB54202002F533007955F4 /* Model */,
				C3FB53DD1FFEFEDF007955F4 /* VC */,
				C3FB54152002CF35007955F4 /* View */,
				C3FB53DE1FFEFEE8007955F4 /* Utils */,
			);
			name = Class;
			sourceTree = "<group>";
		};
		C3FB53DD1FFEFEDF007955F4 /* VC */ = {
			isa = PBXGroup;
			children = (
				C3FB53D91FFEFEB7007955F4 /* ViewController.h */,
				C3FB53D81FFEFEB7007955F4 /* ViewController.m */,
				C3FB53DF1FFF00EF007955F4 /* BootupViewController.h */,
				C3FB53E01FFF00EF007955F4 /* BootupViewController.m */,
				C3FB54092000C325007955F4 /* SettingsViewController.h */,
				C3FB540A2000C325007955F4 /* SettingsViewController.m */,
				C3FB54122002C514007955F4 /* VideoListViewController.h */,
				C3FB54132002C514007955F4 /* VideoListViewController.m */,
				C3FB541A2002E3FE007955F4 /* VideoViewController.h */,
				C3FB541B2002E3FE007955F4 /* VideoViewController.m */,
				C3031536200B5A7E0049EBE8 /* MenuViewController.h */,
				C3031537200B5A7E0049EBE8 /* MenuViewController.m */,
			);
			name = VC;
			sourceTree = "<group>";
		};
		C3FB53DE1FFEFEE8007955F4 /* Utils */ = {
			isa = PBXGroup;
			children = (
				C3FB53FF20004D33007955F4 /* LLSimpleCamera.h */,
				C3FB540320004D33007955F4 /* LLSimpleCamera.m */,
				C3FB540020004D33007955F4 /* LLSimpleCamera+Helper.h */,
				C3FB540220004D33007955F4 /* LLSimpleCamera+Helper.m */,
				C3FB540420004D34007955F4 /* UIImage+FixOrientation.h */,
				C3FB540120004D33007955F4 /* UIImage+FixOrientation.m */,
				C3FB53E21FFF0161007955F4 /* CameraAndPhoto.h */,
				C3FB53E31FFF0161007955F4 /* CameraAndPhoto.m */,
				C3FB542420031960007955F4 /* Tools.h */,
				C3FB542520031960007955F4 /* Tools.m */,
				C32D75ED2006062000DC2F7C /* AppSetting.h */,
				C32D75EE2006062000DC2F7C /* AppSetting.m */,
			);
			name = Utils;
			sourceTree = "<group>";
		};
		C3FB54152002CF35007955F4 /* View */ = {
			isa = PBXGroup;
			children = (
				C3FB54172002CFC5007955F4 /* SettingTableViewCell.h */,
				C3FB54182002CFC5007955F4 /* SettingTableViewCell.m */,
				C3FB541D2002F358007955F4 /* VideoCell.h */,
				C3FB541E2002F358007955F4 /* VideoCell.m */,
				C32D75F12006E41700DC2F7C /* SettingValueCell.h */,
				C32D75F22006E41700DC2F7C /* SettingValueCell.m */,
				C32D75F32006E41700DC2F7C /* SettingValueCell.xib */,
			);
			path = View;
			sourceTree = "<group>";
		};
		C3FB54202002F533007955F4 /* Model */ = {
			isa = PBXGroup;
			children = (
				C3FB54212002F55A007955F4 /* VideoModel.h */,
				C3FB54222002F55A007955F4 /* VideoModel.m */,
			);
			path = Model;
			sourceTree = "<group>";
		};
		C9FF24D8CB383B8F2FF66113 /* Pods */ = {
			isa = PBXGroup;
			children = (
				48E8BBF94F5ED80C2EAEA508 /* Pods-DashCamera.debug.xcconfig */,
				CAE1314F4F38F63B0082DB3E /* Pods-DashCamera.release.xcconfig */,
			);
			name = Pods;
			sourceTree = "<group>";
		};
/* End PBXGroup section */

/* Begin PBXNativeTarget section */
		C33B95FB1FED7EF600D6FDA5 /* DashCamera */ = {
			isa = PBXNativeTarget;
			buildConfigurationList = C33B96151FED7EF600D6FDA5 /* Build configuration list for PBXNativeTarget "DashCamera" */;
			buildPhases = (
				C4EC1013095230042F3D4F63 /* [CP] Check Pods Manifest.lock */,
				C33B95F81FED7EF600D6FDA5 /* Sources */,
				C33B95F91FED7EF600D6FDA5 /* Frameworks */,
				C33B95FA1FED7EF600D6FDA5 /* Resources */,
				2601182FB5D4142F191E0ABE /* [CP] Embed Pods Frameworks */,
				F04F76ADDE56B1C36B6175D4 /* [CP] Copy Pods Resources */,
			);
			buildRules = (
			);
			dependencies = (
			);
			name = DashCamera;
			productName = DashCamera;
			productReference = C33B95FC1FED7EF600D6FDA5 /* DashCamera.app */;
			productType = "com.apple.product-type.application";
		};
/* End PBXNativeTarget section */

/* Begin PBXProject section */
		C33B95F41FED7EF600D6FDA5 /* Project object */ = {
			isa = PBXProject;
			attributes = {
				LastUpgradeCheck = 0920;
				ORGANIZATIONNAME = WAC;
				TargetAttributes = {
					C33B95FB1FED7EF600D6FDA5 = {
						CreatedOnToolsVersion = 9.2;
						ProvisioningStyle = Automatic;
					};
				};
			};
			buildConfigurationList = C33B95F71FED7EF600D6FDA5 /* Build configuration list for PBXProject "DashCamera" */;
			compatibilityVersion = "Xcode 8.0";
			developmentRegion = en;
			hasScannedForEncodings = 0;
			knownRegions = (
				en,
				Base,
			);
			mainGroup = C33B95F31FED7EF600D6FDA5;
			productRefGroup = C33B95FD1FED7EF600D6FDA5 /* Products */;
			projectDirPath = "";
			projectRoot = "";
			targets = (
				C33B95FB1FED7EF600D6FDA5 /* DashCamera */,
			);
		};
/* End PBXProject section */

/* Begin PBXResourcesBuildPhase section */
		C33B95FA1FED7EF600D6FDA5 /* Resources */ = {
			isa = PBXResourcesBuildPhase;
			buildActionMask = 2147483647;
			files = (
				C31874F2201FA5D700B321F2 /* logo.png in Resources */,
				C31874F3201FA5D700B321F2 /* res_btn_start.png in Resources */,
				C32D75F52006E41700DC2F7C /* SettingValueCell.xib in Resources */,
				C3FB53CF1FFED02F007955F4 /* res_btn_mic_off.png in Resources */,
				C3FB53D01FFED02F007955F4 /* res_btn_camera_rotate.png in Resources */,
				C3FB53D11FFED02F007955F4 /* res_background.png in Resources */,
				C3FB53D21FFED02F007955F4 /* res_btn_record.png in Resources */,
				C3FB53D31FFED02F007955F4 /* res_btn_recording.png in Resources */,
				C3FB53D41FFED02F007955F4 /* res_btn_save.png in Resources */,
				C3FB53D51FFED02F007955F4 /* res_btn_menu.png in Resources */,
				C3FB53D61FFED02F007955F4 /* res_btn_mic_on.png in Resources */,
				C33B960F1FED7EF600D6FDA5 /* LaunchScreen.storyboard in Resources */,
				C33B960C1FED7EF600D6FDA5 /* Assets.xcassets in Resources */,
				C33B96071FED7EF600D6FDA5 /* Main.storyboard in Resources */,
			);
			runOnlyForDeploymentPostprocessing = 0;
		};
/* End PBXResourcesBuildPhase section */

/* Begin PBXShellScriptBuildPhase section */
		2601182FB5D4142F191E0ABE /* [CP] Embed Pods Frameworks */ = {
			isa = PBXShellScriptBuildPhase;
			buildActionMask = 2147483647;
			files = (
			);
			inputPaths = (
			);
			name = "[CP] Embed Pods Frameworks";
			outputPaths = (
			);
			runOnlyForDeploymentPostprocessing = 0;
			shellPath = /bin/sh;
			shellScript = "\"${SRCROOT}/Pods/Target Support Files/Pods-DashCamera/Pods-DashCamera-frameworks.sh\"\n";
			showEnvVarsInLog = 0;
		};
		C4EC1013095230042F3D4F63 /* [CP] Check Pods Manifest.lock */ = {
			isa = PBXShellScriptBuildPhase;
			buildActionMask = 2147483647;
			files = (
			);
			inputPaths = (
				"${PODS_PODFILE_DIR_PATH}/Podfile.lock",
				"${PODS_ROOT}/Manifest.lock",
			);
			name = "[CP] Check Pods Manifest.lock";
			outputPaths = (
				"$(DERIVED_FILE_DIR)/Pods-DashCamera-checkManifestLockResult.txt",
			);
			runOnlyForDeploymentPostprocessing = 0;
			shellPath = /bin/sh;
			shellScript = "diff \"${PODS_PODFILE_DIR_PATH}/Podfile.lock\" \"${PODS_ROOT}/Manifest.lock\" > /dev/null\nif [ $? != 0 ] ; then\n    # print error to STDERR\n    echo \"error: The sandbox is not in sync with the Podfile.lock. Run 'pod install' or update your CocoaPods installation.\" >&2\n    exit 1\nfi\n# This output is used by Xcode 'outputs' to avoid re-running this script phase.\necho \"SUCCESS\" > \"${SCRIPT_OUTPUT_FILE_0}\"\n";
			showEnvVarsInLog = 0;
		};
		F04F76ADDE56B1C36B6175D4 /* [CP] Copy Pods Resources */ = {
			isa = PBXShellScriptBuildPhase;
			buildActionMask = 2147483647;
			files = (
			);
			inputPaths = (
				"${SRCROOT}/Pods/Target Support Files/Pods-DashCamera/Pods-DashCamera-resources.sh",
				$PODS_CONFIGURATION_BUILD_DIR/OLCVideoPlayer/OLCVideoPlayer.bundle,
			);
			name = "[CP] Copy Pods Resources";
			outputPaths = (
				"${TARGET_BUILD_DIR}/${UNLOCALIZED_RESOURCES_FOLDER_PATH}",
			);
			runOnlyForDeploymentPostprocessing = 0;
			shellPath = /bin/sh;
			shellScript = "\"${SRCROOT}/Pods/Target Support Files/Pods-DashCamera/Pods-DashCamera-resources.sh\"\n";
			showEnvVarsInLog = 0;
		};
/* End PBXShellScriptBuildPhase section */

/* Begin PBXSourcesBuildPhase section */
		C33B95F81FED7EF600D6FDA5 /* Sources */ = {
			isa = PBXSourcesBuildPhase;
			buildActionMask = 2147483647;
			files = (
				C3FB540620004D34007955F4 /* LLSimpleCamera+Helper.m in Sources */,
				C3FB541F2002F358007955F4 /* VideoCell.m in Sources */,
				C33B960A1FED7EF600D6FDA5 /* DashCamera.xcdatamodeld in Sources */,
				C34168D3200F47200037275B /* VideoTableRecord.m in Sources */,
				C3FB542620031960007955F4 /* Tools.m in Sources */,
				C3031538200B5A7E0049EBE8 /* MenuViewController.m in Sources */,
				C3FB54192002CFC5007955F4 /* SettingTableViewCell.m in Sources */,
				C33B96121FED7EF600D6FDA5 /* main.m in Sources */,
				C32D75F42006E41700DC2F7C /* SettingValueCell.m in Sources */,
				C33B96011FED7EF600D6FDA5 /* AppDelegate.m in Sources */,
				C3FB540520004D34007955F4 /* UIImage+FixOrientation.m in Sources */,
				C32D75EF2006062000DC2F7C /* AppSetting.m in Sources */,
				C3FB53E41FFF0161007955F4 /* CameraAndPhoto.m in Sources */,
				C3FB540720004D34007955F4 /* LLSimpleCamera.m in Sources */,
				C3FB54142002C514007955F4 /* VideoListViewController.m in Sources */,
				C3FB540B2000C325007955F4 /* SettingsViewController.m in Sources */,
				C3FB54232002F55A007955F4 /* VideoModel.m in Sources */,
				C3FB53DA1FFEFEB8007955F4 /* ViewController.m in Sources */,
				C3FB541C2002E3FE007955F4 /* VideoViewController.m in Sources */,
				C3FB53E11FFF00EF007955F4 /* BootupViewController.m in Sources */,
				C34168CF200E88790037275B /* DBManager.m in Sources */,
			);
			runOnlyForDeploymentPostprocessing = 0;
		};
/* End PBXSourcesBuildPhase section */

/* Begin PBXVariantGroup section */
		C33B96051FED7EF600D6FDA5 /* Main.storyboard */ = {
			isa = PBXVariantGroup;
			children = (
				C33B96061FED7EF600D6FDA5 /* Base */,
			);
			name = Main.storyboard;
			sourceTree = "<group>";
		};
		C33B960D1FED7EF600D6FDA5 /* LaunchScreen.storyboard */ = {
			isa = PBXVariantGroup;
			children = (
				C33B960E1FED7EF600D6FDA5 /* Base */,
			);
			name = LaunchScreen.storyboard;
			sourceTree = "<group>";
		};
/* End PBXVariantGroup section */

/* Begin XCBuildConfiguration section */
		C33B96131FED7EF600D6FDA5 /* Debug */ = {
			isa = XCBuildConfiguration;
			buildSettings = {
				ALWAYS_SEARCH_USER_PATHS = NO;
				CLANG_ANALYZER_NONNULL = YES;
				CLANG_ANALYZER_NUMBER_OBJECT_CONVERSION = YES_AGGRESSIVE;
				CLANG_CXX_LANGUAGE_STANDARD = "gnu++14";
				CLANG_CXX_LIBRARY = "libc++";
				CLANG_ENABLE_MODULES = YES;
				CLANG_ENABLE_OBJC_ARC = YES;
				CLANG_WARN_BLOCK_CAPTURE_AUTORELEASING = YES;
				CLANG_WARN_BOOL_CONVERSION = YES;
				CLANG_WARN_COMMA = YES;
				CLANG_WARN_CONSTANT_CONVERSION = YES;
				CLANG_WARN_DIRECT_OBJC_ISA_USAGE = YES_ERROR;
				CLANG_WARN_DOCUMENTATION_COMMENTS = YES;
				CLANG_WARN_EMPTY_BODY = YES;
				CLANG_WARN_ENUM_CONVERSION = YES;
				CLANG_WARN_INFINITE_RECURSION = YES;
				CLANG_WARN_INT_CONVERSION = YES;
				CLANG_WARN_NON_LITERAL_NULL_CONVERSION = YES;
				CLANG_WARN_OBJC_LITERAL_CONVERSION = YES;
				CLANG_WARN_OBJC_ROOT_CLASS = YES_ERROR;
				CLANG_WARN_RANGE_LOOP_ANALYSIS = YES;
				CLANG_WARN_STRICT_PROTOTYPES = YES;
				CLANG_WARN_SUSPICIOUS_MOVE = YES;
				CLANG_WARN_UNGUARDED_AVAILABILITY = YES_AGGRESSIVE;
				CLANG_WARN_UNREACHABLE_CODE = YES;
				CLANG_WARN__DUPLICATE_METHOD_MATCH = YES;
				CODE_SIGN_IDENTITY = "iPhone Developer";
				COPY_PHASE_STRIP = NO;
				DEBUG_INFORMATION_FORMAT = dwarf;
				ENABLE_STRICT_OBJC_MSGSEND = YES;
				ENABLE_TESTABILITY = YES;
				GCC_C_LANGUAGE_STANDARD = gnu11;
				GCC_DYNAMIC_NO_PIC = NO;
				GCC_NO_COMMON_BLOCKS = YES;
				GCC_OPTIMIZATION_LEVEL = 0;
				GCC_PREPROCESSOR_DEFINITIONS = (
					"DEBUG=1",
					"$(inherited)",
				);
				GCC_WARN_64_TO_32_BIT_CONVERSION = YES;
				GCC_WARN_ABOUT_RETURN_TYPE = YES_ERROR;
				GCC_WARN_UNDECLARED_SELECTOR = YES;
				GCC_WARN_UNINITIALIZED_AUTOS = YES_AGGRESSIVE;
				GCC_WARN_UNUSED_FUNCTION = YES;
				GCC_WARN_UNUSED_VARIABLE = YES;
				IPHONEOS_DEPLOYMENT_TARGET = 11.2;
				MTL_ENABLE_DEBUG_INFO = YES;
				ONLY_ACTIVE_ARCH = YES;
				SDKROOT = iphoneos;
			};
			name = Debug;
		};
		C33B96141FED7EF600D6FDA5 /* Release */ = {
			isa = XCBuildConfiguration;
			buildSettings = {
				ALWAYS_SEARCH_USER_PATHS = NO;
				CLANG_ANALYZER_NONNULL = YES;
				CLANG_ANALYZER_NUMBER_OBJECT_CONVERSION = YES_AGGRESSIVE;
				CLANG_CXX_LANGUAGE_STANDARD = "gnu++14";
				CLANG_CXX_LIBRARY = "libc++";
				CLANG_ENABLE_MODULES = YES;
				CLANG_ENABLE_OBJC_ARC = YES;
				CLANG_WARN_BLOCK_CAPTURE_AUTORELEASING = YES;
				CLANG_WARN_BOOL_CONVERSION = YES;
				CLANG_WARN_COMMA = YES;
				CLANG_WARN_CONSTANT_CONVERSION = YES;
				CLANG_WARN_DIRECT_OBJC_ISA_USAGE = YES_ERROR;
				CLANG_WARN_DOCUMENTATION_COMMENTS = YES;
				CLANG_WARN_EMPTY_BODY = YES;
				CLANG_WARN_ENUM_CONVERSION = YES;
				CLANG_WARN_INFINITE_RECURSION = YES;
				CLANG_WARN_INT_CONVERSION = YES;
				CLANG_WARN_NON_LITERAL_NULL_CONVERSION = YES;
				CLANG_WARN_OBJC_LITERAL_CONVERSION = YES;
				CLANG_WARN_OBJC_ROOT_CLASS = YES_ERROR;
				CLANG_WARN_RANGE_LOOP_ANALYSIS = YES;
				CLANG_WARN_STRICT_PROTOTYPES = YES;
				CLANG_WARN_SUSPICIOUS_MOVE = YES;
				CLANG_WARN_UNGUARDED_AVAILABILITY = YES_AGGRESSIVE;
				CLANG_WARN_UNREACHABLE_CODE = YES;
				CLANG_WARN__DUPLICATE_METHOD_MATCH = YES;
				CODE_SIGN_IDENTITY = "iPhone Developer";
				COPY_PHASE_STRIP = NO;
				DEBUG_INFORMATION_FORMAT = "dwarf-with-dsym";
				ENABLE_NS_ASSERTIONS = NO;
				ENABLE_STRICT_OBJC_MSGSEND = YES;
				GCC_C_LANGUAGE_STANDARD = gnu11;
				GCC_NO_COMMON_BLOCKS = YES;
				GCC_WARN_64_TO_32_BIT_CONVERSION = YES;
				GCC_WARN_ABOUT_RETURN_TYPE = YES_ERROR;
				GCC_WARN_UNDECLARED_SELECTOR = YES;
				GCC_WARN_UNINITIALIZED_AUTOS = YES_AGGRESSIVE;
				GCC_WARN_UNUSED_FUNCTION = YES;
				GCC_WARN_UNUSED_VARIABLE = YES;
				IPHONEOS_DEPLOYMENT_TARGET = 11.2;
				MTL_ENABLE_DEBUG_INFO = NO;
				SDKROOT = iphoneos;
				VALIDATE_PRODUCT = YES;
			};
			name = Release;
		};
		C33B96161FED7EF600D6FDA5 /* Debug */ = {
			isa = XCBuildConfiguration;
			baseConfigurationReference = 48E8BBF94F5ED80C2EAEA508 /* Pods-DashCamera.debug.xcconfig */;
			buildSettings = {
				ASSETCATALOG_COMPILER_APPICON_NAME = AppIcon;
				"CODE_SIGN_IDENTITY[sdk=iphoneos*]" = "iPhone Developer";
				CODE_SIGN_STYLE = Automatic;
				DEVELOPMENT_TEAM = 7H4945J547;
				INFOPLIST_FILE = DashCamera/Info.plist;
				IPHONEOS_DEPLOYMENT_TARGET = 9.0;
				LD_RUNPATH_SEARCH_PATHS = "$(inherited) @executable_path/Frameworks";
				PRODUCT_BUNDLE_IDENTIFIER = com.whdiyo.dashcam;
				PRODUCT_NAME = "$(TARGET_NAME)";
				PROVISIONING_PROFILE = "";
				PROVISIONING_PROFILE_SPECIFIER = "";
				TARGETED_DEVICE_FAMILY = 1;
			};
			name = Debug;
		};
		C33B96171FED7EF600D6FDA5 /* Release */ = {
			isa = XCBuildConfiguration;
			baseConfigurationReference = CAE1314F4F38F63B0082DB3E /* Pods-DashCamera.release.xcconfig */;
			buildSettings = {
				ASSETCATALOG_COMPILER_APPICON_NAME = AppIcon;
				"CODE_SIGN_IDENTITY[sdk=iphoneos*]" = "iPhone Developer";
				CODE_SIGN_STYLE = Automatic;
				DEVELOPMENT_TEAM = 7H4945J547;
				INFOPLIST_FILE = DashCamera/Info.plist;
				IPHONEOS_DEPLOYMENT_TARGET = 9.0;
				LD_RUNPATH_SEARCH_PATHS = "$(inherited) @executable_path/Frameworks";
				PRODUCT_BUNDLE_IDENTIFIER = com.whdiyo.dashcam;
				PRODUCT_NAME = "$(TARGET_NAME)";
				PROVISIONING_PROFILE = "";
				PROVISIONING_PROFILE_SPECIFIER = "";
				TARGETED_DEVICE_FAMILY = 1;
			};
			name = Release;
		};
/* End XCBuildConfiguration section */

/* Begin XCConfigurationList section */
		C33B95F71FED7EF600D6FDA5 /* Build configuration list for PBXProject "DashCamera" */ = {
			isa = XCConfigurationList;
			buildConfigurations = (
				C33B96131FED7EF600D6FDA5 /* Debug */,
				C33B96141FED7EF600D6FDA5 /* Release */,
			);
			defaultConfigurationIsVisible = 0;
			defaultConfigurationName = Release;
		};
		C33B96151FED7EF600D6FDA5 /* Build configuration list for PBXNativeTarget "DashCamera" */ = {
			isa = XCConfigurationList;
			buildConfigurations = (
				C33B96161FED7EF600D6FDA5 /* Debug */,
				C33B96171FED7EF600D6FDA5 /* Release */,
			);
			defaultConfigurationIsVisible = 0;
			defaultConfigurationName = Release;
		};
/* End XCConfigurationList section */

/* Begin XCVersionGroup section */
		C33B96081FED7EF600D6FDA5 /* DashCamera.xcdatamodeld */ = {
			isa = XCVersionGroup;
			children = (
				C33B96091FED7EF600D6FDA5 /* DashCamera.xcdatamodel */,
			);
			currentVersion = C33B96091FED7EF600D6FDA5 /* DashCamera.xcdatamodel */;
			path = DashCamera.xcdatamodeld;
			sourceTree = "<group>";
			versionGroupType = wrapper.xcdatamodel;
		};
/* End XCVersionGroup section */
	};
	rootObject = C33B95F41FED7EF600D6FDA5 /* Project object */;
}
